
Microsoft Visual Studio Solution File, Format Version 12.00
# Visual Studio 2015
Project("{FAE04EC0-301F-11D3-BF4B-00C04F79EFBC}") = "GF_GOS", "GF_GOS.csproj", "{CA22AF16-4E37-3073-1F67-8697C812C5E7}"
EndProject
Project("{FAE04EC0-301F-11D3-BF4B-00C04F79EFBC}") = "GF_GOS.Editor", "GF_GOS.Editor.csproj", "{5EB2DF34-8984-E488-9665-6959CB787618}"
EndProject
Global
	GlobalSection(SolutionConfigurationPlatforms) = preSolution
		Debug|Any CPU = Debug|Any CPU
		Release|Any CPU = Release|Any CPU
	EndGlobalSection
	GlobalSection(ProjectConfigurationPlatforms) = postSolution
		{CA22AF16-4E37-3073-1F67-8697C812C5E7}.Debug|Any CPU.ActiveCfg = Debug|Any CPU
		{CA22AF16-4E37-3073-1F67-8697C812C5E7}.Debug|Any CPU.Build.0 = Debug|Any CPU
		{CA22AF16-4E37-3073-1F67-8697C812C5E7}.Release|Any CPU.ActiveCfg = Release|Any CPU
		{CA22AF16-4E37-3073-1F67-8697C812C5E7}.Release|Any CPU.Build.0 = Release|Any CPU
		{5EB2DF34-8984-E488-9665-6959CB787618}.Debug|Any CPU.ActiveCfg = Debug|Any CPU
		{5EB2DF34-8984-E488-9665-6959CB787618}.Debug|Any CPU.Build.0 = Debug|Any CPU
		{5EB2DF34-8984-E488-9665-6959CB787618}.Release|Any CPU.ActiveCfg = Release|Any CPU
		{5EB2DF34-8984-E488-9665-6959CB787618}.Release|Any CPU.Build.0 = Release|Any CPU
	EndGlobalSection
	GlobalSection(SolutionProperties) = preSolution
		HideSolutionNode = FALSE
	EndGlobalSection
EndGlobal
